Microsoft Visual Studio Solution File, Format Version 12.00
# Visual Studio Version 17
VisualStudioVersion = 17.0.31314.256
MinimumVisualStudioVersion = 10.0.40219.1
Project("{2150E333-8FDC-42A3-9474-1A3956D46DE8}") = "Flax", "Flax", "{DBD9A81E-B8CD-4C10-B4F7-678C9BDE0E0C}"
EndProject
Project("{2150E333-8FDC-42A3-9474-1A3956D46DE8}") = "Tools", "Flax\Tools", "{8356C35E-2220-440A-9692-F3F489E17F42}"
EndProject
Project("{FAE04EC0-301F-11D3-BF4B-00C04F79EFBC}") = "Gravity", "Source\Gravity.csproj", "{6CD72550-D44B-489A-A696-DD19ECC122A4}"
EndProject
Project("{FAE04EC0-301F-11D3-BF4B-00C04F79EFBC}") = "Flax.Build.Tests", "..\Flax-Large-Worlds\FlaxEngine\Source\Tools\Flax.Build.Tests\Flax.Build.Tests.csproj", "{6BECE870-FBB3-49DD-82CD-57797EED6594}"
EndProject
Project("{FAE04EC0-301F-11D3-BF4B-00C04F79EFBC}") = "Flax.Build", "..\Flax-Large-Worlds\FlaxEngine\Source\Tools\Flax.Build\Flax.Build.csproj", "{29AB3E28-631E-437C-A49E-79152078EAA6}"
EndProject
Project("{FAE04EC0-301F-11D3-BF4B-00C04F79EFBC}") = "Game", "Source\Game.csproj", "{8B944AB5-1C02-450B-A074-5B5FB780EAC8}"
EndProject
Project("{FAE04EC0-301F-11D3-BF4B-00C04F79EFBC}") = "BuildScripts", "Cache\Projects\BuildScripts.csproj", "{B6D358B3-BEBA-46AE-BE24-42EBB0133EF6}"
EndProject
Global
	GlobalSection(SolutionConfigurationPlatforms) = preSolution
		Editor.Debug|Win64 = Editor.Debug|Win64
		Editor.Development|Win64 = Editor.Development|Win64
		Editor.Release|Win64 = Editor.Release|Win64
		Game.Debug|Win64 = Game.Debug|Win64
		Game.Development|Win64 = Game.Development|Win64
		Game.Release|Win64 = Game.Release|Win64
	EndGlobalSection
	GlobalSection(ProjectConfigurationPlatforms) = postSolution
		{6CD72550-D44B-489A-A696-DD19ECC122A4}.Editor.Debug|Win64.ActiveCfg = Editor.Windows.Debug|x64
		{6CD72550-D44B-489A-A696-DD19ECC122A4}.Editor.Debug|Win64.Build.0 = Editor.Windows.Debug|x64
		{6CD72550-D44B-489A-A696-DD19ECC122A4}.Editor.Development|Win64.ActiveCfg = Editor.Windows.Development|x64
		{6CD72550-D44B-489A-A696-DD19ECC122A4}.Editor.Development|Win64.Build.0 = Editor.Windows.Development|x64
		{6CD72550-D44B-489A-A696-DD19ECC122A4}.Editor.Release|Win64.ActiveCfg = Editor.Windows.Release|x64
		{6CD72550-D44B-489A-A696-DD19ECC122A4}.Editor.Release|Win64.Build.0 = Editor.Windows.Release|x64
		{6CD72550-D44B-489A-A696-DD19ECC122A4}.Game.Debug|Win64.ActiveCfg = Game.Windows.Debug|x64
		{6CD72550-D44B-489A-A696-DD19ECC122A4}.Game.Debug|Win64.Build.0 = Game.Windows.Debug|x64
		{6CD72550-D44B-489A-A696-DD19ECC122A4}.Game.Development|Win64.ActiveCfg = Game.Windows.Development|x64
		{6CD72550-D44B-489A-A696-DD19ECC122A4}.Game.Development|Win64.Build.0 = Game.Windows.Development|x64
		{6CD72550-D44B-489A-A696-DD19ECC122A4}.Game.Release|Win64.ActiveCfg = Game.Windows.Release|x64
		{6CD72550-D44B-489A-A696-DD19ECC122A4}.Game.Release|Win64.Build.0 = Game.Windows.Release|x64
		{6BECE870-FBB3-49DD-82CD-57797EED6594}.Editor.Debug|Win64.ActiveCfg = Debug|Any CPU
		{6BECE870-FBB3-49DD-82CD-57797EED6594}.Editor.Development|Win64.ActiveCfg = Debug|Any CPU
		{6BECE870-FBB3-49DD-82CD-57797EED6594}.Editor.Release|Win64.ActiveCfg = Debug|Any CPU
		{6BECE870-FBB3-49DD-82CD-57797EED6594}.Game.Debug|Win64.ActiveCfg = Debug|Any CPU
		{6BECE870-FBB3-49DD-82CD-57797EED6594}.Game.Development|Win64.ActiveCfg = Debug|Any CPU
		{6BECE870-FBB3-49DD-82CD-57797EED6594}.Game.Release|Win64.ActiveCfg = Debug|Any CPU
		{29AB3E28-631E-437C-A49E-79152078EAA6}.Editor.Debug|Win64.ActiveCfg = Debug|Any CPU
		{29AB3E28-631E-437C-A49E-79152078EAA6}.Editor.Development|Win64.ActiveCfg = Debug|Any CPU
		{29AB3E28-631E-437C-A49E-79152078EAA6}.Editor.Release|Win64.ActiveCfg = Debug|Any CPU
		{29AB3E28-631E-437C-A49E-79152078EAA6}.Game.Debug|Win64.ActiveCfg = Debug|Any CPU
		{29AB3E28-631E-437C-A49E-79152078EAA6}.Game.Development|Win64.ActiveCfg = Debug|Any CPU
		{29AB3E28-631E-437C-A49E-79152078EAA6}.Game.Release|Win64.ActiveCfg = Debug|Any CPU
		{8B944AB5-1C02-450B-A074-5B5FB780EAC8}.Editor.Debug|Win64.ActiveCfg = Editor.Windows.Debug|x64
		{8B944AB5-1C02-450B-A074-5B5FB780EAC8}.Editor.Debug|Win64.Build.0 = Editor.Windows.Debug|x64
		{8B944AB5-1C02-450B-A074-5B5FB780EAC8}.Editor.Development|Win64.ActiveCfg = Editor.Windows.Development|x64
		{8B944AB5-1C02-450B-A074-5B5FB780EAC8}.Editor.Development|Win64.Build.0 = Editor.Windows.Development|x64
		{8B944AB5-1C02-450B-A074-5B5FB780EAC8}.Editor.Release|Win64.ActiveCfg = Editor.Windows.Release|x64
		{8B944AB5-1C02-450B-A074-5B5FB780EAC8}.Editor.Release|Win64.Build.0 = Editor.Windows.Release|x64
		{8B944AB5-1C02-450B-A074-5B5FB780EAC8}.Game.Debug|Win64.ActiveCfg = Game.Windows.Debug|x64
		{8B944AB5-1C02-450B-A074-5B5FB780EAC8}.Game.Debug|Win64.Build.0 = Game.Windows.Debug|x64
		{8B944AB5-1C02-450B-A074-5B5FB780EAC8}.Game.Development|Win64.ActiveCfg = Game.Windows.Development|x64
		{8B944AB5-1C02-450B-A074-5B5FB780EAC8}.Game.Development|Win64.Build.0 = Game.Windows.Development|x64
		{8B944AB5-1C02-450B-A074-5B5FB780EAC8}.Game.Release|Win64.ActiveCfg = Game.Windows.Release|x64
		{8B944AB5-1C02-450B-A074-5B5FB780EAC8}.Game.Release|Win64.Build.0 = Game.Windows.Release|x64
		{B6D358B3-BEBA-46AE-BE24-42EBB0133EF6}.Editor.Debug|Win64.ActiveCfg = Debug|Any CPU
		{B6D358B3-BEBA-46AE-BE24-42EBB0133EF6}.Editor.Development|Win64.ActiveCfg = Debug|Any CPU
		{B6D358B3-BEBA-46AE-BE24-42EBB0133EF6}.Editor.Release|Win64.ActiveCfg = Debug|Any CPU
		{B6D358B3-BEBA-46AE-BE24-42EBB0133EF6}.Game.Debug|Win64.ActiveCfg = Debug|Any CPU
		{B6D358B3-BEBA-46AE-BE24-42EBB0133EF6}.Game.Development|Win64.ActiveCfg = Debug|Any CPU
		{B6D358B3-BEBA-46AE-BE24-42EBB0133EF6}.Game.Release|Win64.ActiveCfg = Debug|Any CPU
	EndGlobalSection
	GlobalSection(SolutionProperties) = preSolution
		HideSolutionNode = FALSE
	EndGlobalSection
	GlobalSection(NestedProjects) = preSolution
		{8356C35E-2220-440A-9692-F3F489E17F42} = {DBD9A81E-B8CD-4C10-B4F7-678C9BDE0E0C}
		{6BECE870-FBB3-49DD-82CD-57797EED6594} = {8356C35E-2220-440A-9692-F3F489E17F42}
		{29AB3E28-631E-437C-A49E-79152078EAA6} = {8356C35E-2220-440A-9692-F3F489E17F42}
	EndGlobalSection
	GlobalSection(ExtensibilityGlobals) = postSolution
		SolutionGuid = {AC980B06-DAAA-4A3A-9CCC-C6BC05ADD0FD}
	EndGlobalSection
EndGlobal
